
Microsoft Visual Studio Solution File, Format Version 12.00
# Visual Studio Version 17
VisualStudioVersion = 17.1.32210.238
MinimumVisualStudioVersion = 10.0.40219.1
Project("{9A19103F-16F7-4668-BE54-9A1E7A4F7556}") = "CatalogMicroservice", "CatalogMicroservice\CatalogMicroservice.csproj", "{DA12FDCF-3086-4E04-A932-D31F1F8F0F53}"
EndProject
Project("{9A19103F-16F7-4668-BE54-9A1E7A4F7556}") = "CatalogMicroservice.Core", "CatalogMicroservice.Core\CatalogMicroservice.Core.csproj", "{E9423449-6AE0-4CA2-A3D4-907353222878}"
EndProject
Project("{9A19103F-16F7-4668-BE54-9A1E7A4F7556}") = "CatalogMicroservice.AppSerivces", "CatalogMicroservice.AppSerivces\CatalogMicroservice.AppSerivces.csproj", "{16A7D5F3-6F64-4E56-8CBC-6D6F24E54103}"
EndProject
Project("{9A19103F-16F7-4668-BE54-9A1E7A4F7556}") = "CatalogMicroservice.DataAccess", "CatalogMicroservice.DataAccess\CatalogMicroservice.DataAccess.csproj", "{06FB4D01-277A-48E2-A4FB-453BFDDB0D9E}"
EndProject
Project("{E53339B2-1760-4266-BCC7-CA923CBCF16C}") = "docker-compose", "docker-compose.dcproj", "{8D76735A-39C5-4721-9271-34C3B8EE5087}"
EndProject
Global
	GlobalSection(SolutionConfigurationPlatforms) = preSolution
		Debug|Any CPU = Debug|Any CPU
		Release|Any CPU = Release|Any CPU
	EndGlobalSection
	GlobalSection(ProjectConfigurationPlatforms) = postSolution
		{DA12FDCF-3086-4E04-A932-D31F1F8F0F53}.Debug|Any CPU.ActiveCfg = Debug|Any CPU
		{DA12FDCF-3086-4E04-A932-D31F1F8F0F53}.Debug|Any CPU.Build.0 = Debug|Any CPU
		{DA12FDCF-3086-4E04-A932-D31F1F8F0F53}.Release|Any CPU.ActiveCfg = Release|Any CPU
		{DA12FDCF-3086-4E04-A932-D31F1F8F0F53}.Release|Any CPU.Build.0 = Release|Any CPU
		{E9423449-6AE0-4CA2-A3D4-907353222878}.Debug|Any CPU.ActiveCfg = Debug|Any CPU
		{E9423449-6AE0-4CA2-A3D4-907353222878}.Debug|Any CPU.Build.0 = Debug|Any CPU
		{E9423449-6AE0-4CA2-A3D4-907353222878}.Release|Any CPU.ActiveCfg = Release|Any CPU
		{E9423449-6AE0-4CA2-A3D4-907353222878}.Release|Any CPU.Build.0 = Release|Any CPU
		{16A7D5F3-6F64-4E56-8CBC-6D6F24E54103}.Debug|Any CPU.ActiveCfg = Debug|Any CPU
		{16A7D5F3-6F64-4E56-8CBC-6D6F24E54103}.Debug|Any CPU.Build.0 = Debug|Any CPU
		{16A7D5F3-6F64-4E56-8CBC-6D6F24E54103}.Release|Any CPU.ActiveCfg = Release|Any CPU
		{16A7D5F3-6F64-4E56-8CBC-6D6F24E54103}.Release|Any CPU.Build.0 = Release|Any CPU
		{06FB4D01-277A-48E2-A4FB-453BFDDB0D9E}.Debug|Any CPU.ActiveCfg = Debug|Any CPU
		{06FB4D01-277A-48E2-A4FB-453BFDDB0D9E}.Debug|Any CPU.Build.0 = Debug|Any CPU
		{06FB4D01-277A-48E2-A4FB-453BFDDB0D9E}.Release|Any CPU.ActiveCfg = Release|Any CPU
		{06FB4D01-277A-48E2-A4FB-453BFDDB0D9E}.Release|Any CPU.Build.0 = Release|Any CPU
		{8D76735A-39C5-4721-9271-34C3B8EE5087}.Debug|Any CPU.ActiveCfg = Debug|Any CPU
		{8D76735A-39C5-4721-9271-34C3B8EE5087}.Debug|Any CPU.Build.0 = Debug|Any CPU
		{8D76735A-39C5-4721-9271-34C3B8EE5087}.Release|Any CPU.ActiveCfg = Release|Any CPU
		{8D76735A-39C5-4721-9271-34C3B8EE5087}.Release|Any CPU.Build.0 = Release|Any CPU
	EndGlobalSection
	GlobalSection(SolutionProperties) = preSolution
		HideSolutionNode = FALSE
	EndGlobalSection
	GlobalSection(ExtensibilityGlobals) = postSolution
		SolutionGuid = {AF4FE211-0A81-43F6-A818-CF8A36A4BF1F}
	EndGlobalSection
EndGlobal
